
Microsoft Visual Studio Solution File, Format Version 12.00
# Visual Studio Version 17
VisualStudioVersion = 17.0.31903.59
MinimumVisualStudioVersion = 10.0.40219.1
Project("{FAE04EC0-301F-11D3-BF4B-00C04F79EFBC}") = "D2Sharp", "src\D2Sharp\D2Sharp.csproj", "{49592517-A5C2-40A6-96C7-2A6E58E5329D}"
EndProject
Project("{2150E333-8FDC-42A3-9474-1A3956D46DE8}") = "examples", "examples", "{E1137A34-2773-40CE-BC87-19D4E3D99DD0}"
EndProject
Project("{FAE04EC0-301F-11D3-BF4B-00C04F79EFBC}") = "D2Sharp.Web", "examples\D2Sharp.Web\D2Sharp.Web.csproj", "{4193F921-CDE4-4754-93BB-2CB06A6FA083}"
EndProject
Project("{2150E333-8FDC-42A3-9474-1A3956D46DE8}") = "tests", "tests", "{C4525F90-51A9-44F5-AF3B-06C0A31CE1E0}"
EndProject
Project("{FAE04EC0-301F-11D3-BF4B-00C04F79EFBC}") = "D2Sharp.Tests", "tests\D2Sharp.Tests\D2Sharp.Tests.csproj", "{B848CDA8-CFC9-405F-A949-0C13F92A0EC4}"
EndProject
Project("{2150E333-8FDC-42A3-9474-1A3956D46DE8}") = "benchmarks", "benchmarks", "{0346A2B1-32B8-4549-AB65-BFC354E1B636}"
EndProject
Project("{FAE04EC0-301F-11D3-BF4B-00C04F79EFBC}") = "D2Sharp.Benchmarks", "benchmarks\D2Sharp.Benchmarks\D2Sharp.Benchmarks.csproj", "{6BE816B7-9A9C-4F9E-96FE-D56DBA9280F8}"
EndProject
Project("{2150E333-8FDC-42A3-9474-1A3956D46DE8}") = "src", "src", "{B9107D5A-482D-407A-97BF-BC1789B541DD}"
EndProject
Project("{FAE04EC0-301F-11D3-BF4B-00C04F79EFBC}") = "D2Sharp.Worker", "src\D2Sharp.Worker\D2Sharp.Worker.csproj", "{84406555-FB39-4E95-9C93-65521833EF4E}"
EndProject
Project("{FAE04EC0-301F-11D3-BF4B-00C04F79EFBC}") = "D2Sharp.IntegrationTests", "tests\D2Sharp.IntegrationTests\D2Sharp.IntegrationTests.csproj", "{CFEC85C1-1626-49F5-A3E1-191A439E7638}"
EndProject
Project("{FAE04EC0-301F-11D3-BF4B-00C04F79EFBC}") = "D2Sharp.Abstractions", "src\D2Sharp.Abstractions\D2Sharp.Abstractions.csproj", "{84924DAE-1D58-4192-B32A-2D46F5A30CA0}"
EndProject
Global
	GlobalSection(SolutionConfigurationPlatforms) = preSolution
		Debug|Any CPU = Debug|Any CPU
		Release|Any CPU = Release|Any CPU
	EndGlobalSection
	GlobalSection(SolutionProperties) = preSolution
		HideSolutionNode = FALSE
	EndGlobalSection
	GlobalSection(ProjectConfigurationPlatforms) = postSolution
		{49592517-A5C2-40A6-96C7-2A6E58E5329D}.Debug|Any CPU.ActiveCfg = Debug|Any CPU
		{49592517-A5C2-40A6-96C7-2A6E58E5329D}.Debug|Any CPU.Build.0 = Debug|Any CPU
		{49592517-A5C2-40A6-96C7-2A6E58E5329D}.Release|Any CPU.ActiveCfg = Release|Any CPU
		{49592517-A5C2-40A6-96C7-2A6E58E5329D}.Release|Any CPU.Build.0 = Release|Any CPU
		{4193F921-CDE4-4754-93BB-2CB06A6FA083}.Debug|Any CPU.ActiveCfg = Debug|Any CPU
		{4193F921-CDE4-4754-93BB-2CB06A6FA083}.Debug|Any CPU.Build.0 = Debug|Any CPU
		{4193F921-CDE4-4754-93BB-2CB06A6FA083}.Release|Any CPU.ActiveCfg = Release|Any CPU
		{4193F921-CDE4-4754-93BB-2CB06A6FA083}.Release|Any CPU.Build.0 = Release|Any CPU
		{B848CDA8-CFC9-405F-A949-0C13F92A0EC4}.Debug|Any CPU.ActiveCfg = Debug|Any CPU
		{B848CDA8-CFC9-405F-A949-0C13F92A0EC4}.Debug|Any CPU.Build.0 = Debug|Any CPU
		{B848CDA8-CFC9-405F-A949-0C13F92A0EC4}.Release|Any CPU.ActiveCfg = Release|Any CPU
		{B848CDA8-CFC9-405F-A949-0C13F92A0EC4}.Release|Any CPU.Build.0 = Release|Any CPU
		{6BE816B7-9A9C-4F9E-96FE-D56DBA9280F8}.Debug|Any CPU.ActiveCfg = Debug|Any CPU
		{6BE816B7-9A9C-4F9E-96FE-D56DBA9280F8}.Debug|Any CPU.Build.0 = Debug|Any CPU
		{6BE816B7-9A9C-4F9E-96FE-D56DBA9280F8}.Release|Any CPU.ActiveCfg = Release|Any CPU
		{6BE816B7-9A9C-4F9E-96FE-D56DBA9280F8}.Release|Any CPU.Build.0 = Release|Any CPU
		{84406555-FB39-4E95-9C93-65521833EF4E}.Debug|Any CPU.ActiveCfg = Debug|Any CPU
		{84406555-FB39-4E95-9C93-65521833EF4E}.Debug|Any CPU.Build.0 = Debug|Any CPU
		{84406555-FB39-4E95-9C93-65521833EF4E}.Release|Any CPU.ActiveCfg = Release|Any CPU
		{84406555-FB39-4E95-9C93-65521833EF4E}.Release|Any CPU.Build.0 = Release|Any CPU
		{CFEC85C1-1626-49F5-A3E1-191A439E7638}.Debug|Any CPU.ActiveCfg = Debug|Any CPU
		{CFEC85C1-1626-49F5-A3E1-191A439E7638}.Debug|Any CPU.Build.0 = Debug|Any CPU
		{CFEC85C1-1626-49F5-A3E1-191A439E7638}.Release|Any CPU.ActiveCfg = Release|Any CPU
		{CFEC85C1-1626-49F5-A3E1-191A439E7638}.Release|Any CPU.Build.0 = Release|Any CPU
		{84924DAE-1D58-4192-B32A-2D46F5A30CA0}.Debug|Any CPU.ActiveCfg = Debug|Any CPU
		{84924DAE-1D58-4192-B32A-2D46F5A30CA0}.Debug|Any CPU.Build.0 = Debug|Any CPU
		{84924DAE-1D58-4192-B32A-2D46F5A30CA0}.Release|Any CPU.ActiveCfg = Release|Any CPU
		{84924DAE-1D58-4192-B32A-2D46F5A30CA0}.Release|Any CPU.Build.0 = Release|Any CPU
	EndGlobalSection
	GlobalSection(NestedProjects) = preSolution
		{4193F921-CDE4-4754-93BB-2CB06A6FA083} = {E1137A34-2773-40CE-BC87-19D4E3D99DD0}
		{B848CDA8-CFC9-405F-A949-0C13F92A0EC4} = {C4525F90-51A9-44F5-AF3B-06C0A31CE1E0}
		{6BE816B7-9A9C-4F9E-96FE-D56DBA9280F8} = {0346A2B1-32B8-4549-AB65-BFC354E1B636}
		{84406555-FB39-4E95-9C93-65521833EF4E} = {B9107D5A-482D-407A-97BF-BC1789B541DD}
		{CFEC85C1-1626-49F5-A3E1-191A439E7638} = {C4525F90-51A9-44F5-AF3B-06C0A31CE1E0}
		{84924DAE-1D58-4192-B32A-2D46F5A30CA0} = {B9107D5A-482D-407A-97BF-BC1789B541DD}
	EndGlobalSection
EndGlobal
