{
  "version": 1,
  "dependencies": {
    "net8.0": {
      "Microsoft.Extensions.Caching.Abstractions": {
        "type": "Direct",
        "requested": "[9.0.10, )",
        "resolved": "9.0.10",
        "contentHash": "cL6iTxgJ4u5zP3eFOdBiDAtmE/B2WKTRhyJfEne7n6qvHpsMwwIDxljs210mWSO1ucBy7lR1Lo7/7kjeZeLcqQ==",
        "dependencies": {
          "Microsoft.Extensions.Primitives": "9.0.10"
        }
      },
      "Microsoft.Extensions.Caching.Memory": {
        "type": "Direct",
        "requested": "[9.0.10, )",
        "resolved": "9.0.10",
        "contentHash": "2iuzwIoCoqZJfH2VLk1xvlQS4PQDEuhj4dWiGb+Qpt1vHFHyffp497cTO6ucsV54W/h4JmM1vzDBv8pVAFazZg==",
        "dependencies": {
          "Microsoft.Extensions.Caching.Abstractions": "9.0.10",
          "Microsoft.Extensions.DependencyInjection.Abstractions": "9.0.10",
          "Microsoft.Extensions.Logging.Abstractions": "9.0.10",
          "Microsoft.Extensions.Options": "9.0.10",
          "Microsoft.Extensions.Primitives": "9.0.10"
        }
      },
      "Microsoft.Extensions.DependencyInjection": {
        "type": "Direct",
        "requested": "[9.0.10, )",
        "resolved": "9.0.10",
        "contentHash": "iEtXCkNd5XhjNJAOb/wO4IhDRdLIE2CsPxZggZQWJ/q2+sa8dmEPC393nnsiqdH8/4KV8Xn25IzgKPR1UEQ0og==",
        "dependencies": {
          "Microsoft.Extensions.DependencyInjection.Abstractions": "9.0.10"
        }
      },
      "Microsoft.Extensions.Logging": {
        "type": "Direct",
        "requested": "[9.0.10, )",
        "resolved": "9.0.10",
        "contentHash": "UBXHqE9vyptVhaFnT1R7YJKCve7TqVI10yjjUZBNGMlW2lZ4c031Slt9hxsOzWCzlpPxxIFyf1Yk4a6Iubxx7w==",
        "dependencies": {
          "Microsoft.Extensions.DependencyInjection": "9.0.10",
          "Microsoft.Extensions.Logging.Abstractions": "9.0.10",
          "Microsoft.Extensions.Options": "9.0.10"
        }
      },
      "Microsoft.Extensions.Options": {
        "type": "Direct",
        "requested": "[9.0.10, )",
        "resolved": "9.0.10",
        "contentHash": "zMNABt8eBv0B0XrWjFy9nZNgddavaOeq3ZdaD5IlHhRH65MrU7HM+Hd8GjWE3e2VDGFPZFfSAc6XVXC17f9fOA==",
        "dependencies": {
          "Microsoft.Extensions.DependencyInjection.Abstractions": "9.0.10",
          "Microsoft.Extensions.Primitives": "9.0.10"
        }
      },
      "Microsoft.SourceLink.GitHub": {
        "type": "Direct",
        "requested": "[8.0.0, )",
        "resolved": "8.0.0",
        "contentHash": "G5q7OqtwIyGTkeIOAc3u2ZuV/kicQaec5EaRnc0pIeSnh9LUjj+PYQrJYBURvDt7twGl2PKA7nSN0kz1Zw5bnQ==",
        "dependencies": {
          "Microsoft.Build.Tasks.Git": "8.0.0",
          "Microsoft.SourceLink.Common": "8.0.0"
        }
      },
      "Microsoft.Build.Tasks.Git": {
        "type": "Transitive",
        "resolved": "8.0.0",
        "contentHash": "bZKfSIKJRXLTuSzLudMFte/8CempWjVamNUR5eHJizsy+iuOuO/k2gnh7W0dHJmYY0tBf+gUErfluCv5mySAOQ=="
      },
      "Microsoft.Extensions.DependencyInjection.Abstractions": {
        "type": "Transitive",
        "resolved": "9.0.10",
        "contentHash": "r9waLiOPe9ZF1PvzUT+RDoHvpMmY8MW+lb4lqjYGObwKpnyPMLI3odVvlmshwuZcdoHynsGWOrCPA0hxZ63lIA=="
      },
      "Microsoft.Extensions.Logging.Abstractions": {
        "type": "Transitive",
        "resolved": "9.0.10",
        "contentHash": "MFUPv/nN1rAQ19w43smm6bbf0JDYN/1HEPHoiMYY50pvDMFpglzWAuoTavByDmZq7UuhjaxwrET3joU69ZHoHQ==",
        "dependencies": {
          "Microsoft.Extensions.DependencyInjection.Abstractions": "9.0.10",
          "System.Diagnostics.DiagnosticSource": "9.0.10"
        }
      },
      "Microsoft.Extensions.Primitives": {
        "type": "Transitive",
        "resolved": "9.0.10",
        "contentHash": "3pl8D1O5ZwMpDkZAT2uXrhQ6NipkwEgDLMFuURiHTf72TvkoMP61QYH3Vk1yrzVHnHBdNZk3cQACz8Zc7YGNhQ=="
      },
      "Microsoft.SourceLink.Common": {
        "type": "Transitive",
        "resolved": "8.0.0",
        "contentHash": "dk9JPxTCIevS75HyEQ0E4OVAFhB2N+V9ShCXf8Q6FkUQZDkgLI12y679Nym1YqsiSysuQskT7Z+6nUf3yab6Vw=="
      },
      "System.Diagnostics.DiagnosticSource": {
        "type": "Transitive",
        "resolved": "9.0.10",
        "contentHash": "uIpKiKp7EWlYZBK71jYP+maGYjDY9YTi/FxBlZoqDzM1ZHZB7gLqUm4jHvRFwaKfR1/Lrt2rQih9LGPIKyNEow=="
      }
    }
  }
}